
Microsoft Visual Studio Solution File, Format Version 12.00
# Visual Studio Version 17
VisualStudioVersion = 17.1.32228.430
MinimumVisualStudioVersion = 10.0.40219.1
Project("{FAE04EC0-301F-11D3-BF4B-00C04F79EFBC}") = "RoomCalculator", "RoomCalculator\RoomCalculator.csproj", "{01354F5C-1643-4784-8D5F-0467B040BBA1}"
EndProject
Global
	GlobalSection(SolutionConfigurationPlatforms) = preSolution
		Debug|Any CPU = Debug|Any CPU
		Release|Any CPU = Release|Any CPU
	EndGlobalSection
	GlobalSection(ProjectConfigurationPlatforms) = postSolution
		{01354F5C-1643-4784-8D5F-0467B040BBA1}.Debug|Any CPU.ActiveCfg = Debug|Any CPU
		{01354F5C-1643-4784-8D5F-0467B040BBA1}.Debug|Any CPU.Build.0 = Debug|Any CPU
		{01354F5C-1643-4784-8D5F-0467B040BBA1}.Release|Any CPU.ActiveCfg = Release|Any CPU
		{01354F5C-1643-4784-8D5F-0467B040BBA1}.Release|Any CPU.Build.0 = Release|Any CPU
	EndGlobalSection
	GlobalSection(SolutionProperties) = preSolution
		HideSolutionNode = FALSE
	EndGlobalSection
	GlobalSection(ExtensibilityGlobals) = postSolution
		SolutionGuid = {F735CD6B-A269-45D6-B568-4B73551F7FA5}
	EndGlobalSection
EndGlobal
